{
  "version": 4,
  "terraform_version": "1.3.7",
  "serial": 58,
  "lineage": "f570526a-674a-6d7d-632e-4e1fea01f369",
  "outputs": {
    "private_ip": {
      "value": [
        "10.0.0.216"
      ],
      "type": [
        "tuple",
        [
          "string"
        ]
      ]
    },
    "public_ip": {
      "value": [
        ""
      ],
      "type": [
        "tuple",
        [
          "string"
        ]
      ]
    },
    "region": {
      "value": "uk-london-1",
      "type": "string"
    }
  },
  "resources": [
    {
      "mode": "data",
      "type": "oci_core_subnet",
      "name": "subnet",
      "provider": "provider[\"registry.terraform.io/oracle/oci\"]",
      "instances": [
        {
          "schema_version": 0,
          "attributes": {
            "availability_domain": null,
            "cidr_block": "10.0.0.0/24",
            "compartment_id": "ocid1.compartment.oc1..aaaaaaaaua5ackiptuqp36kl4rvqvmepwlavec2mgwmgugika2qqarbps5la",
            "defined_tags": {
              "Oracle-Tags.CreatedBy": "default/rsvalerio@gmail.com",
              "Oracle-Tags.CreatedOn": "2022-12-27T15:15:08.733Z"
            },
            "dhcp_options_id": "ocid1.dhcpoptions.oc1.uk-london-1.aaaaaaaawobmitzshfwjqxd4wmd3tytqe6ricihzci6u5by3l2lb2o6jswpq",
            "display_name": "subnet-20221227-1607",
            "dns_label": "subnet12271615",
            "freeform_tags": {},
            "id": "ocid1.subnet.oc1.uk-london-1.aaaaaaaaydwo2ngekni56rmmfueb7lxxh7feywb3vvcml6xpbluiecggt2rq",
            "ipv6cidr_block": null,
            "ipv6cidr_blocks": [],
            "ipv6virtual_router_ip": null,
            "prohibit_internet_ingress": false,
            "prohibit_public_ip_on_vnic": false,
            "route_table_id": "ocid1.routetable.oc1.uk-london-1.aaaaaaaaw4yqsi4ej3pse5x7zqquec6lhjnz5kdpnywy2lldqisqamnrysga",
            "security_list_ids": [
              "ocid1.securitylist.oc1.uk-london-1.aaaaaaaazmmoa6r426l3nhqxffndtyynbqwbaoa5bf2ux5ppulng2gtjbicq"
            ],
            "state": "AVAILABLE",
            "subnet_domain_name": "subnet12271615.vcn12271615.oraclevcn.com",
            "subnet_id": "ocid1.subnet.oc1.uk-london-1.aaaaaaaaydwo2ngekni56rmmfueb7lxxh7feywb3vvcml6xpbluiecggt2rq",
            "time_created": "2022-12-27 15:15:08.776 +0000 UTC",
            "vcn_id": "ocid1.vcn.oc1.uk-london-1.amaaaaaa3au523iasm7j54wy7km2zsr3w5jshpu5sqvxkf5ye7lyustl4eja",
            "virtual_router_ip": "10.0.0.1",
            "virtual_router_mac": "00:00:17:5C:06:47"
          },
          "sensitive_attributes": []
        }
      ]
    },
    {
      "mode": "data",
      "type": "oci_identity_availability_domain",
      "name": "oad",
      "provider": "provider[\"registry.terraform.io/oracle/oci\"]",
      "instances": [
        {
          "schema_version": 0,
          "attributes": {
            "ad_number": 1,
            "compartment_id": "ocid1.compartment.oc1..aaaaaaaaua5ackiptuqp36kl4rvqvmepwlavec2mgwmgugika2qqarbps5la",
            "id": "ocid1.availabilitydomain.oc1..aaaaaaaapjv4p3qtly2fesrig77q4tlmi3wvakeet6fskc7do2fmawz3xctq",
            "name": "YwsL:UK-LONDON-1-AD-1"
          },
          "sensitive_attributes": []
        }
      ]
    },
    {
      "mode": "data",
      "type": "template_file",
      "name": "init",
      "provider": "provider[\"registry.terraform.io/hashicorp/template\"]",
      "instances": [
        {
          "schema_version": 0,
          "attributes": {
            "filename": null,
            "id": "ce3a45c4d0bf5301a9e1fbc88ba7b714a5077f0956379bf70dd274c14ff97c2c",
            "rendered": "#cloud-config\npackage_update: true\npackage_upgrade: true\npackage_reboot_if_required: true\n\npackages:\n  - apt-transport-https\n  - ca-certificates\n  - curl\n  - gnupg-agent\n  - software-properties-common\n  - lsb-release\n  - unattended-upgrades\n  - jq\n\nruncmd:\n  - mkdir -m 0755 -p /etc/apt/keyrings\n  - curl -fsSL https://download.docker.com/linux/ubuntu/gpg | sudo gpg --dearmor -o /etc/apt/keyrings/docker.gpg\n  - echo \"deb [arch=$(dpkg --print-architecture) signed-by=/etc/apt/keyrings/docker.gpg] https://download.docker.com/linux/ubuntu $(lsb_release -cs) stable\" | sudo tee /etc/apt/sources.list.d/docker.list \u003e /dev/null\n  - apt-get update -y\n  - apt-get upgrade -y\n  - apt-get install -y containerd.io\n\n# write_files:\n#   - path: /etc/ssh/sshd_config\n#     content: |\n#          Port 4444\n#          Protocol 2\n#          HostKey /etc/ssh/ssh_host_rsa_key\n#          HostKey /etc/ssh/ssh_host_dsa_key\n#          HostKey /etc/ssh/ssh_host_ecdsa_key\n#          HostKey /etc/ssh/ssh_h\n",
            "template": "#cloud-config\npackage_update: true\npackage_upgrade: true\npackage_reboot_if_required: true\n\npackages:\n  - apt-transport-https\n  - ca-certificates\n  - curl\n  - gnupg-agent\n  - software-properties-common\n  - lsb-release\n  - unattended-upgrades\n  - jq\n\nruncmd:\n  - mkdir -m 0755 -p /etc/apt/keyrings\n  - curl -fsSL https://download.docker.com/linux/ubuntu/gpg | sudo gpg --dearmor -o /etc/apt/keyrings/docker.gpg\n  - echo \"deb [arch=$(dpkg --print-architecture) signed-by=/etc/apt/keyrings/docker.gpg] https://download.docker.com/linux/ubuntu $(lsb_release -cs) stable\" | sudo tee /etc/apt/sources.list.d/docker.list \u003e /dev/null\n  - apt-get update -y\n  - apt-get upgrade -y\n  - apt-get install -y containerd.io\n\n# write_files:\n#   - path: /etc/ssh/sshd_config\n#     content: |\n#          Port 4444\n#          Protocol 2\n#          HostKey /etc/ssh/ssh_host_rsa_key\n#          HostKey /etc/ssh/ssh_host_dsa_key\n#          HostKey /etc/ssh/ssh_host_ecdsa_key\n#          HostKey /etc/ssh/ssh_h\n",
            "vars": {
              "instance_role": "compute"
            }
          },
          "sensitive_attributes": []
        }
      ]
    },
    {
      "module": "module.control_plane",
      "mode": "data",
      "type": "oci_core_private_ips",
      "name": "private_ips",
      "provider": "provider[\"registry.terraform.io/oracle/oci\"]",
      "instances": [
        {
          "index_key": 0,
          "schema_version": 0,
          "attributes": {
            "filter": null,
            "id": "CorePrivateIpsDataSource-3625107617",
            "ip_address": null,
            "private_ips": [
              {
                "availability_domain": "YwsL:UK-LONDON-1-AD-1",
                "compartment_id": "ocid1.compartment.oc1..aaaaaaaaua5ackiptuqp36kl4rvqvmepwlavec2mgwmgugika2qqarbps5la",
                "defined_tags": {
                  "Oracle-Tags.CreatedBy": "default/rsvalerio@gmail.com",
                  "Oracle-Tags.CreatedOn": "2023-02-21T09:05:37.393Z"
                },
                "display_name": "vm1",
                "freeform_tags": {
                  "module": "oracle-terraform-modules/compute-instance/oci",
                  "terraformed": "Please do not edit manually"
                },
                "hostname_label": "vm1",
                "id": "ocid1.privateip.oc1.uk-london-1.abwgiljt3z7banzmprhfykkwrldcainztcw5c6stpdyroaj3zh3gi7kb2yua",
                "ip_address": "10.0.0.216",
                "is_primary": true,
                "is_reserved": false,
                "subnet_id": "ocid1.subnet.oc1.uk-london-1.aaaaaaaaydwo2ngekni56rmmfueb7lxxh7feywb3vvcml6xpbluiecggt2rq",
                "time_created": "2023-02-21 09:05:40.199 +0000 UTC",
                "vlan_id": "",
                "vnic_id": "ocid1.vnic.oc1.uk-london-1.abwgiljt6d5je6h6bkzfsbni6smfgedlwey5g44b6zn6saq6f5qq5lxbh5oq"
              }
            ],
            "subnet_id": null,
            "vlan_id": null,
            "vnic_id": "ocid1.vnic.oc1.uk-london-1.abwgiljt6d5je6h6bkzfsbni6smfgedlwey5g44b6zn6saq6f5qq5lxbh5oq"
          },
          "sensitive_attributes": []
        }
      ]
    },
    {
      "module": "module.control_plane",
      "mode": "data",
      "type": "oci_core_shapes",
      "name": "current_ad",
      "provider": "provider[\"registry.terraform.io/oracle/oci\"]",
      "instances": [
        {
          "schema_version": 0,
          "attributes": {
            "availability_domain": "YwsL:UK-LONDON-1-AD-1",
            "compartment_id": "ocid1.compartment.oc1..aaaaaaaaua5ackiptuqp36kl4rvqvmepwlavec2mgwmgugika2qqarbps5la",
            "filter": null,
            "id": "CoreShapesDataSource-4077525818",
            "image_id": null,
            "shapes": [
              {
                "baseline_ocpu_utilizations": [],
                "billing_type": "PAID",
                "gpu_description": "",
                "gpus": 0,
                "is_billed_for_stopped_instance": false,
                "is_flexible": false,
                "is_live_migration_supported": false,
                "is_subcore": false,
                "local_disk_description": "",
                "local_disks": 0,
                "local_disks_total_size_in_gbs": 0,
                "max_vnic_attachment_options": [],
                "max_vnic_attachments": 256,
                "memory_in_gbs": 1024,
                "memory_options": [],
                "min_total_baseline_ocpus_required": 0,
                "name": "BM.Standard.A1.160",
                "network_ports": 2,
                "networking_bandwidth_in_gbps": 100,
                "networking_bandwidth_options": [],
                "ocpu_options": [],
                "ocpus": 160,
                "platform_config_options": [],
                "processor_description": "3.0 GHz Ampere® Altra™",
                "quota_names": [
                  "standard-a1-memory-count",
                  "standard-a1-memory-regional-count",
                  "standard-a1-core-count",
                  "standard-a1-core-regional-count"
                ],
                "rdma_bandwidth_in_gbps": 0,
                "rdma_ports": 0,
                "recommended_alternatives": [],
                "resize_compatible_shapes": []
              },
              {
                "baseline_ocpu_utilizations": [],
                "billing_type": "LIMITED_FREE",
                "gpu_description": "",
                "gpus": 0,
                "is_billed_for_stopped_instance": false,
                "is_flexible": true,
                "is_live_migration_supported": false,
                "is_subcore": false,
                "local_disk_description": "",
                "local_disks": 0,
                "local_disks_total_size_in_gbs": 0,
                "max_vnic_attachment_options": [
                  {
                    "default_per_ocpu": 1,
                    "max": 24,
                    "min": 2
                  }
                ],
                "max_vnic_attachments": 2,
                "memory_in_gbs": 6,
                "memory_options": [
                  {
                    "default_per_ocpu_in_gbs": 6,
                    "max_in_gbs": 512,
                    "max_per_ocpu_in_gbs": 64,
                    "min_in_gbs": 1,
                    "min_per_ocpu_in_gbs": 1
                  }
                ],
                "min_total_baseline_ocpus_required": 0,
                "name": "VM.Standard.A1.Flex",
                "network_ports": 1,
                "networking_bandwidth_in_gbps": 1,
                "networking_bandwidth_options": [
                  {
                    "default_per_ocpu_in_gbps": 1,
                    "max_in_gbps": 40,
                    "min_in_gbps": 1
                  }
                ],
                "ocpu_options": [
                  {
                    "max": 80,
                    "min": 1
                  }
                ],
                "ocpus": 1,
                "platform_config_options": [],
                "processor_description": "3.0 GHz Ampere® Altra™",
                "quota_names": [
                  "standard-a1-memory-count",
                  "standard-a1-memory-regional-count",
                  "standard-a1-core-count",
                  "standard-a1-core-regional-count"
                ],
                "rdma_bandwidth_in_gbps": 0,
                "rdma_ports": 0,
                "recommended_alternatives": [],
                "resize_compatible_shapes": [
                  "VM.Standard.A1.Flex"
                ]
              },
              {
                "baseline_ocpu_utilizations": [],
                "billing_type": "ALWAYS_FREE",
                "gpu_description": "",
                "gpus": 0,
                "is_billed_for_stopped_instance": false,
                "is_flexible": false,
                "is_live_migration_supported": true,
                "is_subcore": false,
                "local_disk_description": "",
                "local_disks": 0,
                "local_disks_total_size_in_gbs": 0,
                "max_vnic_attachment_options": [],
                "max_vnic_attachments": 1,
                "memory_in_gbs": 1,
                "memory_options": [],
                "min_total_baseline_ocpus_required": 0,
                "name": "VM.Standard.E2.1.Micro",
                "network_ports": 1,
                "networking_bandwidth_in_gbps": 0.47999998927116394,
                "networking_bandwidth_options": [],
                "ocpu_options": [],
                "ocpus": 1,
                "platform_config_options": [],
                "processor_description": "2.0 GHz AMD EPYC™ 7551 (Naples)",
                "quota_names": [
                  "standard-e2-micro-core-count"
                ],
                "rdma_bandwidth_in_gbps": 0,
                "rdma_ports": 0,
                "recommended_alternatives": [],
                "resize_compatible_shapes": []
              }
            ]
          },
          "sensitive_attributes": []
        }
      ]
    },
    {
      "module": "module.control_plane",
      "mode": "data",
      "type": "oci_core_subnet",
      "name": "instance_subnet",
      "provider": "provider[\"registry.terraform.io/oracle/oci\"]",
      "instances": [
        {
          "index_key": 0,
          "schema_version": 0,
          "attributes": {
            "availability_domain": null,
            "cidr_block": "10.0.0.0/24",
            "compartment_id": "ocid1.compartment.oc1..aaaaaaaaua5ackiptuqp36kl4rvqvmepwlavec2mgwmgugika2qqarbps5la",
            "defined_tags": {
              "Oracle-Tags.CreatedBy": "default/rsvalerio@gmail.com",
              "Oracle-Tags.CreatedOn": "2022-12-27T15:15:08.733Z"
            },
            "dhcp_options_id": "ocid1.dhcpoptions.oc1.uk-london-1.aaaaaaaawobmitzshfwjqxd4wmd3tytqe6ricihzci6u5by3l2lb2o6jswpq",
            "display_name": "subnet-20221227-1607",
            "dns_label": "subnet12271615",
            "freeform_tags": {},
            "id": "ocid1.subnet.oc1.uk-london-1.aaaaaaaaydwo2ngekni56rmmfueb7lxxh7feywb3vvcml6xpbluiecggt2rq",
            "ipv6cidr_block": null,
            "ipv6cidr_blocks": [],
            "ipv6virtual_router_ip": null,
            "prohibit_internet_ingress": false,
            "prohibit_public_ip_on_vnic": false,
            "route_table_id": "ocid1.routetable.oc1.uk-london-1.aaaaaaaaw4yqsi4ej3pse5x7zqquec6lhjnz5kdpnywy2lldqisqamnrysga",
            "security_list_ids": [
              "ocid1.securitylist.oc1.uk-london-1.aaaaaaaazmmoa6r426l3nhqxffndtyynbqwbaoa5bf2ux5ppulng2gtjbicq"
            ],
            "state": "AVAILABLE",
            "subnet_domain_name": "subnet12271615.vcn12271615.oraclevcn.com",
            "subnet_id": "ocid1.subnet.oc1.uk-london-1.aaaaaaaaydwo2ngekni56rmmfueb7lxxh7feywb3vvcml6xpbluiecggt2rq",
            "time_created": "2022-12-27 15:15:08.776 +0000 UTC",
            "vcn_id": "ocid1.vcn.oc1.uk-london-1.amaaaaaa3au523iasm7j54wy7km2zsr3w5jshpu5sqvxkf5ye7lyustl4eja",
            "virtual_router_ip": "10.0.0.1",
            "virtual_router_mac": "00:00:17:5C:06:47"
          },
          "sensitive_attributes": []
        }
      ]
    },
    {
      "module": "module.control_plane",
      "mode": "data",
      "type": "oci_core_vnic_attachments",
      "name": "vnic_attachment",
      "provider": "provider[\"registry.terraform.io/oracle/oci\"]",
      "instances": [
        {
          "index_key": 0,
          "schema_version": 0,
          "attributes": {
            "availability_domain": null,
            "compartment_id": "ocid1.compartment.oc1..aaaaaaaaua5ackiptuqp36kl4rvqvmepwlavec2mgwmgugika2qqarbps5la",
            "filter": null,
            "id": "CoreVnicAttachmentsDataSource-2824739146",
            "instance_id": "ocid1.instance.oc1.uk-london-1.anwgiljt3au523icnkt7synhhy52gpi7x7ru5vtsrjw7krlimvmplr4q7fca",
            "vnic_attachments": [
              {
                "availability_domain": "YwsL:UK-LONDON-1-AD-1",
                "compartment_id": "ocid1.compartment.oc1..aaaaaaaaua5ackiptuqp36kl4rvqvmepwlavec2mgwmgugika2qqarbps5la",
                "create_vnic_details": [],
                "display_name": "",
                "id": "ocid1.vnicattachment.oc1.uk-london-1.anwgiljt3au523icn2suopsqvacnu4ekj5ggjtu35swvtp4zldz6abtf75gq",
                "instance_id": "ocid1.instance.oc1.uk-london-1.anwgiljt3au523icnkt7synhhy52gpi7x7ru5vtsrjw7krlimvmplr4q7fca",
                "nic_index": 0,
                "state": "ATTACHED",
                "subnet_id": "ocid1.subnet.oc1.uk-london-1.aaaaaaaaydwo2ngekni56rmmfueb7lxxh7feywb3vvcml6xpbluiecggt2rq",
                "time_created": "2023-02-21 09:05:40.503 +0000 UTC",
                "vlan_id": "",
                "vlan_tag": 720,
                "vnic_id": "ocid1.vnic.oc1.uk-london-1.abwgiljt6d5je6h6bkzfsbni6smfgedlwey5g44b6zn6saq6f5qq5lxbh5oq"
              }
            ],
            "vnic_id": null
          },
          "sensitive_attributes": []
        }
      ]
    },
    {
      "module": "module.control_plane",
      "mode": "data",
      "type": "oci_core_volume_backup_policies",
      "name": "default_backup_policies",
      "provider": "provider[\"registry.terraform.io/oracle/oci\"]",
      "instances": [
        {
          "schema_version": 0,
          "attributes": {
            "compartment_id": null,
            "filter": null,
            "id": "CoreVolumeBackupPoliciesDataSource-0",
            "volume_backup_policies": [
              {
                "compartment_id": "",
                "defined_tags": {},
                "destination_region": "",
                "display_name": "silver",
                "freeform_tags": {},
                "id": "ocid1.volumebackuppolicy.oc1..aaaaaaaa7hwv7iscewqqcmyqe2zuzfce6setvckhbxduswtxf6ctew7e54ja",
                "schedules": [
                  {
                    "backup_type": "INCREMENTAL",
                    "day_of_month": -1,
                    "day_of_week": "",
                    "hour_of_day": -1,
                    "month": "",
                    "offset_seconds": 0,
                    "offset_type": "",
                    "period": "ONE_WEEK",
                    "retention_seconds": 2419200,
                    "time_zone": "REGIONAL_DATA_CENTER_TIME"
                  },
                  {
                    "backup_type": "INCREMENTAL",
                    "day_of_month": -1,
                    "day_of_week": "",
                    "hour_of_day": -1,
                    "month": "",
                    "offset_seconds": 0,
                    "offset_type": "",
                    "period": "ONE_MONTH",
                    "retention_seconds": 31557600,
                    "time_zone": "REGIONAL_DATA_CENTER_TIME"
                  },
                  {
                    "backup_type": "INCREMENTAL",
                    "day_of_month": -1,
                    "day_of_week": "",
                    "hour_of_day": -1,
                    "month": "",
                    "offset_seconds": 0,
                    "offset_type": "",
                    "period": "ONE_YEAR",
                    "retention_seconds": 157680000,
                    "time_zone": "REGIONAL_DATA_CENTER_TIME"
                  }
                ],
                "time_created": "2017-10-01 00:00:00.001 +0000 UTC"
              },
              {
                "compartment_id": "",
                "defined_tags": {},
                "destination_region": "",
                "display_name": "bronze",
                "freeform_tags": {},
                "id": "ocid1.volumebackuppolicy.oc1..aaaaaaaadrzfwjb5tflixtmy5axp2kx65uqakgnupfogabzjhtn5x5dfra6q",
                "schedules": [
                  {
                    "backup_type": "INCREMENTAL",
                    "day_of_month": -1,
                    "day_of_week": "",
                    "hour_of_day": -1,
                    "month": "",
                    "offset_seconds": 0,
                    "offset_type": "",
                    "period": "ONE_MONTH",
                    "retention_seconds": 31557600,
                    "time_zone": "REGIONAL_DATA_CENTER_TIME"
                  },
                  {
                    "backup_type": "INCREMENTAL",
                    "day_of_month": -1,
                    "day_of_week": "",
                    "hour_of_day": -1,
                    "month": "",
                    "offset_seconds": 0,
                    "offset_type": "",
                    "period": "ONE_YEAR",
                    "retention_seconds": 157680000,
                    "time_zone": "REGIONAL_DATA_CENTER_TIME"
                  }
                ],
                "time_created": "2017-10-01 00:00:00 +0000 UTC"
              },
              {
                "compartment_id": "",
                "defined_tags": {},
                "destination_region": "",
                "display_name": "gold",
                "freeform_tags": {},
                "id": "ocid1.volumebackuppolicy.oc1..aaaaaaaagcremuefit7dpcnjpdrtphjk4bwm3emm55t6cghctt2m6iyyjdva",
                "schedules": [
                  {
                    "backup_type": "INCREMENTAL",
                    "day_of_month": -1,
                    "day_of_week": "",
                    "hour_of_day": -1,
                    "month": "",
                    "offset_seconds": 0,
                    "offset_type": "",
                    "period": "ONE_DAY",
                    "retention_seconds": 604800,
                    "time_zone": "REGIONAL_DATA_CENTER_TIME"
                  },
                  {
                    "backup_type": "INCREMENTAL",
                    "day_of_month": -1,
                    "day_of_week": "",
                    "hour_of_day": -1,
                    "month": "",
                    "offset_seconds": 0,
                    "offset_type": "",
                    "period": "ONE_WEEK",
                    "retention_seconds": 2419200,
                    "time_zone": "REGIONAL_DATA_CENTER_TIME"
                  },
                  {
                    "backup_type": "INCREMENTAL",
                    "day_of_month": -1,
                    "day_of_week": "",
                    "hour_of_day": -1,
                    "month": "",
                    "offset_seconds": 0,
                    "offset_type": "",
                    "period": "ONE_MONTH",
                    "retention_seconds": 31557600,
                    "time_zone": "REGIONAL_DATA_CENTER_TIME"
                  },
                  {
                    "backup_type": "INCREMENTAL",
                    "day_of_month": -1,
                    "day_of_week": "",
                    "hour_of_day": -1,
                    "month": "",
                    "offset_seconds": 0,
                    "offset_type": "",
                    "period": "ONE_YEAR",
                    "retention_seconds": 157680000,
                    "time_zone": "REGIONAL_DATA_CENTER_TIME"
                  }
                ],
                "time_created": "2017-10-01 00:00:00.002 +0000 UTC"
              }
            ]
          },
          "sensitive_attributes": []
        }
      ]
    },
    {
      "module": "module.control_plane",
      "mode": "data",
      "type": "oci_identity_availability_domains",
      "name": "ad",
      "provider": "provider[\"registry.terraform.io/oracle/oci\"]",
      "instances": [
        {
          "schema_version": 0,
          "attributes": {
            "availability_domains": [
              {
                "compartment_id": "ocid1.compartment.oc1..aaaaaaaaua5ackiptuqp36kl4rvqvmepwlavec2mgwmgugika2qqarbps5la",
                "id": "ocid1.availabilitydomain.oc1..aaaaaaaapjv4p3qtly2fesrig77q4tlmi3wvakeet6fskc7do2fmawz3xctq",
                "name": "YwsL:UK-LONDON-1-AD-1"
              },
              {
                "compartment_id": "ocid1.compartment.oc1..aaaaaaaaua5ackiptuqp36kl4rvqvmepwlavec2mgwmgugika2qqarbps5la",
                "id": "ocid1.availabilitydomain.oc1..aaaaaaaac6kgqnl5eberztbdm2ufhpxohk7cuelajmafpqa3m6rpri4tc2yq",
                "name": "YwsL:UK-LONDON-1-AD-2"
              },
              {
                "compartment_id": "ocid1.compartment.oc1..aaaaaaaaua5ackiptuqp36kl4rvqvmepwlavec2mgwmgugika2qqarbps5la",
                "id": "ocid1.availabilitydomain.oc1..aaaaaaaaw2i3i53quioaywmhx56ss5plwk7bmmeg2266lo7inilhbizeroua",
                "name": "YwsL:UK-LONDON-1-AD-3"
              }
            ],
            "compartment_id": "ocid1.compartment.oc1..aaaaaaaaua5ackiptuqp36kl4rvqvmepwlavec2mgwmgugika2qqarbps5la",
            "filter": null,
            "id": "IdentityAvailabilityDomainsDataSource-2501565256"
          },
          "sensitive_attributes": []
        }
      ]
    },
    {
      "module": "module.control_plane",
      "mode": "managed",
      "type": "oci_core_instance",
      "name": "instance",
      "provider": "provider[\"registry.terraform.io/oracle/oci\"]",
      "instances": [
        {
          "index_key": 0,
          "schema_version": 0,
          "attributes": {
            "agent_config": [
              {
                "are_all_plugins_disabled": false,
                "is_management_disabled": false,
                "is_monitoring_disabled": false,
                "plugins_config": [
                  {
                    "desired_state": "ENABLED",
                    "name": "Oracle Autonomous Linux"
                  },
                  {
                    "desired_state": "ENABLED",
                    "name": "Bastion"
                  },
                  {
                    "desired_state": "DISABLED",
                    "name": "Block Volume Management"
                  },
                  {
                    "desired_state": "ENABLED",
                    "name": "Custom Logs Monitoring"
                  },
                  {
                    "desired_state": "DISABLED",
                    "name": "Management Agent"
                  },
                  {
                    "desired_state": "ENABLED",
                    "name": "Compute Instance Monitoring"
                  },
                  {
                    "desired_state": "ENABLED",
                    "name": "OS Management Service Agent"
                  },
                  {
                    "desired_state": "ENABLED",
                    "name": "Compute Instance Run Command"
                  },
                  {
                    "desired_state": "ENABLED",
                    "name": "Vulnerability Scanning"
                  },
                  {
                    "desired_state": "DISABLED",
                    "name": "Oracle Java Management Service"
                  }
                ]
              }
            ],
            "async": null,
            "availability_config": [
              {
                "is_live_migration_preferred": false,
                "recovery_action": "RESTORE_INSTANCE"
              }
            ],
            "availability_domain": "YwsL:UK-LONDON-1-AD-1",
            "boot_volume_id": "ocid1.bootvolume.oc1.uk-london-1.abwgiljtofilrj7na2xhr4guedsux77577nzumit5e5o2ecguyaizf36spoa",
            "capacity_reservation_id": null,
            "compartment_id": "ocid1.compartment.oc1..aaaaaaaaua5ackiptuqp36kl4rvqvmepwlavec2mgwmgugika2qqarbps5la",
            "create_vnic_details": [
              {
                "assign_private_dns_record": false,
                "assign_public_ip": "false",
                "defined_tags": {
                  "Oracle-Tags.CreatedBy": "default/rsvalerio@gmail.com",
                  "Oracle-Tags.CreatedOn": "2023-02-21T09:05:37.393Z"
                },
                "display_name": "vm1",
                "freeform_tags": {
                  "module": "oracle-terraform-modules/compute-instance/oci",
                  "terraformed": "Please do not edit manually"
                },
                "hostname_label": "vm1",
                "nsg_ids": null,
                "private_ip": "10.0.0.216",
                "skip_source_dest_check": false,
                "subnet_id": "ocid1.subnet.oc1.uk-london-1.aaaaaaaaydwo2ngekni56rmmfueb7lxxh7feywb3vvcml6xpbluiecggt2rq",
                "vlan_id": ""
              }
            ],
            "dedicated_vm_host_id": null,
            "defined_tags": {
              "Oracle-Tags.CreatedBy": "default/rsvalerio@gmail.com",
              "Oracle-Tags.CreatedOn": "2023-02-21T09:05:37.237Z"
            },
            "display_name": "vm1",
            "extended_metadata": null,
            "fault_domain": "FAULT-DOMAIN-1",
            "freeform_tags": {
              "module": "oracle-terraform-modules/compute-instance/oci",
              "terraformed": "Please do not edit manually"
            },
            "hostname_label": "vm1",
            "id": "ocid1.instance.oc1.uk-london-1.anwgiljt3au523icnkt7synhhy52gpi7x7ru5vtsrjw7krlimvmplr4q7fca",
            "image": "ocid1.image.oc1.uk-london-1.aaaaaaaacd6wvghqqeocouaahlveplsl4bkutztyz6rstu5bag6limxr5rxa",
            "instance_options": [
              {
                "are_legacy_imds_endpoints_disabled": false
              }
            ],
            "ipxe_script": null,
            "is_pv_encryption_in_transit_enabled": null,
            "launch_mode": "PARAVIRTUALIZED",
            "launch_options": [
              {
                "boot_volume_type": "PARAVIRTUALIZED",
                "firmware": "UEFI_64",
                "is_consistent_volume_naming_enabled": true,
                "is_pv_encryption_in_transit_enabled": false,
                "network_type": "PARAVIRTUALIZED",
                "remote_data_volume_type": "PARAVIRTUALIZED"
              }
            ],
            "metadata": {
              "ssh_authorized_keys": "ssh-rsa AAAAB3NzaC1yc2EAAAADAQABAAACAQDTJm1lk0YAAXx5VIelYPL++McX8UEQ04RPsBoBUMjDdxnz+YF9uQlCNXK7zDL5JZjB6+G/Io4+ZfFZwijAq7W6E5Et3OS8pMvK5LqxHt+rRqNi5ndy7NS96p1JuGYgvS0PAUhS31BqZtSwWi2ezwKszvVRWZnhea5gVtldxqH1c0kEL2zGFzllhyVFckM32GLVfDhh/ksRlbOqdPtDYDSzOh6o7LQRPTWecAqjELLSJ/+eazpQ82S2bc/ju4Lc9ggZELXtLeCeHpdl8dnk0yVWX6PV3JINzZtbHnU0mnLlQfIc2mQLPVznvktf+nSepoTpuVH+NJpLD4yfos8wPPG5Jw1eTV3JawOZ/8+097g9001IwbeVsVWApZYc0mS0eVAyp83I2K01JtgNxMxs18delsd0nZ4Tbj75ZAcaCSru5pfFvERx2/LgHEVNZCPQUCfSq5kxZkBqUhr9pH5nDlZa9WQjYf3NopwX7n2997x7NnNfbzg4bbu5cvd1lD/6UzQQjAkPyh1NWXUd/f3Dp+9V+eXaZycdbL4QDuA2D7xQYgbPjaP0rwCfEKKPivA+gU+w6T6vi57ujAWa735FKbTyh/aGlT+Sjq6Q5AMtoO0oSMVqZ/s6HKcoOGLongQc0S+HR0VQHATmk4+sBKk7DO358ERnJ+x6z8fY7eWLl0hgmw==",
              "user_data": "I2Nsb3VkLWNvbmZpZwpwYWNrYWdlX3VwZGF0ZTogdHJ1ZQpwYWNrYWdlX3VwZ3JhZGU6IHRydWUKcGFja2FnZV9yZWJvb3RfaWZfcmVxdWlyZWQ6IHRydWUKCnBhY2thZ2VzOgogIC0gYXB0LXRyYW5zcG9ydC1odHRwcwogIC0gY2EtY2VydGlmaWNhdGVzCiAgLSBjdXJsCiAgLSBnbnVwZy1hZ2VudAogIC0gc29mdHdhcmUtcHJvcGVydGllcy1jb21tb24KICAtIGxzYi1yZWxlYXNlCiAgLSB1bmF0dGVuZGVkLXVwZ3JhZGVzCiAgLSBqcQoKcnVuY21kOgogIC0gbWtkaXIgLW0gMDc1NSAtcCAvZXRjL2FwdC9rZXlyaW5ncwogIC0gY3VybCAtZnNTTCBodHRwczovL2Rvd25sb2FkLmRvY2tlci5jb20vbGludXgvdWJ1bnR1L2dwZyB8IHN1ZG8gZ3BnIC0tZGVhcm1vciAtbyAvZXRjL2FwdC9rZXlyaW5ncy9kb2NrZXIuZ3BnCiAgLSBlY2hvICJkZWIgW2FyY2g9JChkcGtnIC0tcHJpbnQtYXJjaGl0ZWN0dXJlKSBzaWduZWQtYnk9L2V0Yy9hcHQva2V5cmluZ3MvZG9ja2VyLmdwZ10gaHR0cHM6Ly9kb3dubG9hZC5kb2NrZXIuY29tL2xpbnV4L3VidW50dSAkKGxzYl9yZWxlYXNlIC1jcykgc3RhYmxlIiB8IHN1ZG8gdGVlIC9ldGMvYXB0L3NvdXJjZXMubGlzdC5kL2RvY2tlci5saXN0ID4gL2Rldi9udWxsCiAgLSBhcHQtZ2V0IHVwZGF0ZSAteQogIC0gYXB0LWdldCB1cGdyYWRlIC15CiAgLSBhcHQtZ2V0IGluc3RhbGwgLXkgY29udGFpbmVyZC5pbwogIC0gY29udGFpbmVyZCBjb25maWcgZGVmYXVsdCB8IHNlZCAicy9TeXN0ZW1kQ2dyb3VwXCA9XCBmYWxzZS9TeXN0ZW1kQ2dyb3VwXCA9XCB0cnVlLyIgPiAvZXRjL2NvbnRhaW5lcmQvY29uZmlnLnRvbWwKICAtIHN5c3RlbWN0bCByZXN0YXJ0IGNvbnRhaW5lcmQKCiMgd3JpdGVfZmlsZXM6CiMgICAtIHBhdGg6IC9ldGMvc3NoL3NzaGRfY29uZmlnCiMgICAgIGNvbnRlbnQ6IHwKIyAgICAgICAgICBQb3J0IDQ0NDQKIyAgICAgICAgICBQcm90b2NvbCAyCiMgICAgICAgICAgSG9zdEtleSAvZXRjL3NzaC9zc2hfaG9zdF9yc2Ffa2V5CiMgICAgICAgICAgSG9zdEtleSAvZXRjL3NzaC9zc2hfaG9zdF9kc2Ffa2V5CiMgICAgICAgICAgSG9zdEtleSAvZXRjL3NzaC9zc2hfaG9zdF9lY2RzYV9rZXkKIyAgICAgICAgICBIb3N0S2V5IC9ldGMvc3NoL3NzaF9oCg=="
            },
            "platform_config": [],
            "preemptible_instance_config": [],
            "preserve_boot_volume": false,
            "private_ip": "10.0.0.216",
            "public_ip": "",
            "region": "uk-london-1",
            "shape": "VM.Standard.A1.Flex",
            "shape_config": [
              {
                "baseline_ocpu_utilization": "BASELINE_1_1",
                "gpu_description": "",
                "gpus": 0,
                "local_disk_description": "",
                "local_disks": 0,
                "local_disks_total_size_in_gbs": 0,
                "max_vnic_attachments": 2,
                "memory_in_gbs": 2,
                "networking_bandwidth_in_gbps": 1,
                "nvmes": 0,
                "ocpus": 1,
                "processor_description": "3.0 GHz Ampere® Altra™"
              }
            ],
            "source_details": [
              {
                "boot_volume_size_in_gbs": "47",
                "boot_volume_vpus_per_gb": "10",
                "kms_key_id": "",
                "source_id": "ocid1.image.oc1.uk-london-1.aaaaaaaacd6wvghqqeocouaahlveplsl4bkutztyz6rstu5bag6limxr5rxa",
                "source_type": "image"
              }
            ],
            "state": "RUNNING",
            "subnet_id": "ocid1.subnet.oc1.uk-london-1.aaaaaaaaydwo2ngekni56rmmfueb7lxxh7feywb3vvcml6xpbluiecggt2rq",
            "system_tags": {},
            "time_created": "2023-02-21 09:05:37.793 +0000 UTC",
            "time_maintenance_reboot_due": "",
            "timeouts": {
              "create": "25m",
              "delete": null,
              "update": null
            }
          },
          "sensitive_attributes": [],
          "private": "eyJlMmJmYjczMC1lY2FhLTExZTYtOGY4OC0zNDM2M2JjN2M0YzAiOnsiY3JlYXRlIjoxNTAwMDAwMDAwMDAwLCJkZWxldGUiOjQ1MDAwMDAwMDAwMDAsInVwZGF0ZSI6MjcwMDAwMDAwMDAwMH19",
          "dependencies": [
            "module.control_plane.data.oci_core_shapes.current_ad",
            "module.control_plane.data.oci_core_subnet.instance_subnet",
            "module.control_plane.data.oci_identity_availability_domains.ad"
          ]
        }
      ]
    },
    {
      "module": "module.control_plane",
      "mode": "managed",
      "type": "oci_core_public_ip",
      "name": "public_ip",
      "provider": "provider[\"registry.terraform.io/oracle/oci\"]",
      "instances": [
        {
          "index_key": 0,
          "schema_version": 0,
          "attributes": {
            "assigned_entity_id": "ocid1.privateip.oc1.uk-london-1.abwgiljt3z7banzmprhfykkwrldcainztcw5c6stpdyroaj3zh3gi7kb2yua",
            "assigned_entity_type": "PRIVATE_IP",
            "availability_domain": null,
            "compartment_id": "ocid1.compartment.oc1..aaaaaaaaua5ackiptuqp36kl4rvqvmepwlavec2mgwmgugika2qqarbps5la",
            "defined_tags": {
              "Oracle-Tags.CreatedBy": "default/rsvalerio@gmail.com",
              "Oracle-Tags.CreatedOn": "2023-02-20T17:41:04.735Z"
            },
            "display_name": "vm1",
            "freeform_tags": {
              "module": "oracle-terraform-modules/compute-instance/oci",
              "terraformed": "Please do not edit manually"
            },
            "id": "ocid1.publicip.oc1.uk-london-1.amaaaaaa3au523iaty6hgysqz6iivpys4pgkvgfsjt5ktzyu4ctk4jhvjv3a",
            "ip_address": "152.67.151.53",
            "lifetime": "RESERVED",
            "private_ip_id": "ocid1.privateip.oc1.uk-london-1.abwgiljt3z7banzmprhfykkwrldcainztcw5c6stpdyroaj3zh3gi7kb2yua",
            "public_ip_pool_id": null,
            "scope": "REGION",
            "state": "ASSIGNED",
            "time_created": "2023-02-20 17:41:05.036 +0000 UTC",
            "timeouts": null
          },
          "sensitive_attributes": [],
          "private": "eyJlMmJmYjczMC1lY2FhLTExZTYtOGY4OC0zNDM2M2JjN2M0YzAiOnsiY3JlYXRlIjoxMjAwMDAwMDAwMDAwLCJkZWxldGUiOjEyMDAwMDAwMDAwMDAsInVwZGF0ZSI6MTIwMDAwMDAwMDAwMH19",
          "dependencies": [
            "module.control_plane.data.oci_core_private_ips.private_ips",
            "module.control_plane.data.oci_core_shapes.current_ad",
            "module.control_plane.data.oci_core_subnet.instance_subnet",
            "module.control_plane.data.oci_core_vnic_attachments.vnic_attachment",
            "module.control_plane.data.oci_identity_availability_domains.ad",
            "module.control_plane.oci_core_instance.instance"
          ]
        }
      ]
    },
    {
      "module": "module.control_plane",
      "mode": "managed",
      "type": "oci_core_volume",
      "name": "volume",
      "provider": "provider[\"registry.terraform.io/oracle/oci\"]",
      "instances": [
        {
          "index_key": 0,
          "schema_version": 0,
          "attributes": {
            "auto_tuned_vpus_per_gb": null,
            "autotune_policies": [],
            "availability_domain": "YwsL:UK-LONDON-1-AD-1",
            "backup_policy_id": null,
            "block_volume_replicas": [],
            "block_volume_replicas_deletion": null,
            "compartment_id": "ocid1.compartment.oc1..aaaaaaaaua5ackiptuqp36kl4rvqvmepwlavec2mgwmgugika2qqarbps5la",
            "defined_tags": {
              "Oracle-Tags.CreatedBy": "default/rsvalerio@gmail.com",
              "Oracle-Tags.CreatedOn": "2023-02-20T17:41:04.884Z"
            },
            "display_name": "vm1_volume0",
            "freeform_tags": {
              "module": "oracle-terraform-modules/compute-instance/oci",
              "terraformed": "Please do not edit manually"
            },
            "id": "ocid1.volume.oc1.uk-london-1.abwgiljtdwmhyp6udai4pwu56yhnrhfkvovq3zl5et63ikwvuoab7lww5aca",
            "is_auto_tune_enabled": false,
            "is_hydrated": true,
            "kms_key_id": null,
            "size_in_gbs": "50",
            "size_in_mbs": "51200",
            "source_details": [],
            "state": "AVAILABLE",
            "system_tags": {
              "orcl-cloud.free-tier-retained": "true"
            },
            "time_created": "2023-02-20 17:41:04.892 +0000 UTC",
            "timeouts": null,
            "volume_backup_id": null,
            "volume_group_id": null,
            "vpus_per_gb": "10"
          },
          "sensitive_attributes": [],
          "private": "eyJlMmJmYjczMC1lY2FhLTExZTYtOGY4OC0zNDM2M2JjN2M0YzAiOnsiY3JlYXRlIjoxMjAwMDAwMDAwMDAwLCJkZWxldGUiOjEyMDAwMDAwMDAwMDAsInVwZGF0ZSI6MTIwMDAwMDAwMDAwMH19",
          "dependencies": [
            "module.control_plane.data.oci_core_shapes.current_ad",
            "module.control_plane.data.oci_core_subnet.instance_subnet",
            "module.control_plane.data.oci_identity_availability_domains.ad",
            "module.control_plane.oci_core_instance.instance"
          ]
        }
      ]
    },
    {
      "module": "module.control_plane",
      "mode": "managed",
      "type": "oci_core_volume_attachment",
      "name": "volume_attachment",
      "provider": "provider[\"registry.terraform.io/oracle/oci\"]",
      "instances": [
        {
          "index_key": 0,
          "schema_version": 0,
          "attributes": {
            "attachment_type": "paravirtualized",
            "availability_domain": "YwsL:UK-LONDON-1-AD-1",
            "chap_secret": null,
            "chap_username": null,
            "compartment_id": "ocid1.compartment.oc1..aaaaaaaaua5ackiptuqp36kl4rvqvmepwlavec2mgwmgugika2qqarbps5la",
            "device": null,
            "display_name": "volumeattachment20230221090723",
            "encryption_in_transit_type": null,
            "id": "ocid1.volumeattachment.oc1.uk-london-1.anwgiljt3au523icssjsh3rfuoly6d64ekmwpxvfxezzvm2qsfcg4ipmpwzq",
            "instance_id": "ocid1.instance.oc1.uk-london-1.anwgiljt3au523icnkt7synhhy52gpi7x7ru5vtsrjw7krlimvmplr4q7fca",
            "ipv4": null,
            "iqn": null,
            "is_agent_auto_iscsi_login_enabled": null,
            "is_multipath": null,
            "is_pv_encryption_in_transit_enabled": false,
            "is_read_only": false,
            "is_shareable": false,
            "iscsi_login_state": "",
            "multipath_devices": [],
            "port": null,
            "state": "ATTACHED",
            "time_created": "2023-02-21 09:07:23.966 +0000 UTC",
            "timeouts": null,
            "use_chap": false,
            "volume_id": "ocid1.volume.oc1.uk-london-1.abwgiljtdwmhyp6udai4pwu56yhnrhfkvovq3zl5et63ikwvuoab7lww5aca"
          },
          "sensitive_attributes": [],
          "private": "eyJlMmJmYjczMC1lY2FhLTExZTYtOGY4OC0zNDM2M2JjN2M0YzAiOnsiY3JlYXRlIjoxMjAwMDAwMDAwMDAwLCJkZWxldGUiOjEyMDAwMDAwMDAwMDAsInVwZGF0ZSI6MTIwMDAwMDAwMDAwMH19",
          "dependencies": [
            "module.control_plane.data.oci_core_shapes.current_ad",
            "module.control_plane.data.oci_core_subnet.instance_subnet",
            "module.control_plane.data.oci_identity_availability_domains.ad",
            "module.control_plane.oci_core_instance.instance",
            "module.control_plane.oci_core_volume.volume"
          ]
        }
      ]
    }
  ],
  "check_results": null
}
